
Microsoft Visual Studio Solution File, Format Version 12.00
# Visual Studio Version 16
VisualStudioVersion = 16.0.29424.173
MinimumVisualStudioVersion = 10.0.40219.1
Project("{FAE04EC0-301F-11D3-BF4B-00C04F79EFBC}") = "YCBG_HeQtCSDL", "YCBG_HeQtCSDL\YCBG_HeQtCSDL.csproj", "{E7172101-6F48-4F90-87F3-35C6FD369212}"
EndProject
Global
	GlobalSection(SolutionConfigurationPlatforms) = preSolution
		Debug|Any CPU = Debug|Any CPU
		Release|Any CPU = Release|Any CPU
	EndGlobalSection
	GlobalSection(ProjectConfigurationPlatforms) = postSolution
		{E7172101-6F48-4F90-87F3-35C6FD369212}.Debug|Any CPU.ActiveCfg = Debug|Any CPU
		{E7172101-6F48-4F90-87F3-35C6FD369212}.Debug|Any CPU.Build.0 = Debug|Any CPU
		{E7172101-6F48-4F90-87F3-35C6FD369212}.Release|Any CPU.ActiveCfg = Release|Any CPU
		{E7172101-6F48-4F90-87F3-35C6FD369212}.Release|Any CPU.Build.0 = Release|Any CPU
	EndGlobalSection
	GlobalSection(SolutionProperties) = preSolution
		HideSolutionNode = FALSE
	EndGlobalSection
	GlobalSection(ExtensibilityGlobals) = postSolution
		SolutionGuid = {C33654E0-E6BD-4CDF-A91C-270E8CCCF5E2}
	EndGlobalSection
EndGlobal
